// !$*UTF8*$!
{
	archiveVersion = 1;
	classes = {
	};
	objectVersion = 46;
	objects = {

/* Begin PBXBuildFile section */
		222AD3D51EE52C5000ADE14E /* AppDelegate.swift in Sources */ = {isa = PBXBuildFile; fileRef = 222AD3D41EE52C5000ADE14E /* AppDelegate.swift */; };
		222AD3D71EE52C5000ADE14E /* ViewController.swift in Sources */ = {isa = PBXBuildFile; fileRef = 222AD3D61EE52C5000ADE14E /* ViewController.swift */; };
		222AD3DA1EE52C5000ADE14E /* Main.storyboard in Resources */ = {isa = PBXBuildFile; fileRef = 222AD3D81EE52C5000ADE14E /* Main.storyboard */; };
		222AD3DC1EE52C5000ADE14E /* Assets.xcassets in Resources */ = {isa = PBXBuildFile; fileRef = 222AD3DB1EE52C5000ADE14E /* Assets.xcassets */; };
		222AD3DF1EE52C5000ADE14E /* LaunchScreen.storyboard in Resources */ = {isa = PBXBuildFile; fileRef = 222AD3DD1EE52C5000ADE14E /* LaunchScreen.storyboard */; };
		222CD63C1EE64916006E8DE7 /* BallonVC.swift in Sources */ = {isa = PBXBuildFile; fileRef = 222CD63B1EE64916006E8DE7 /* BallonVC.swift */; };
		222CD6401EE64EC3006E8DE7 /* BallonVCwithAV.swift in Sources */ = {isa = PBXBuildFile; fileRef = 222CD63F1EE64EC3006E8DE7 /* BallonVCwithAV.swift */; };
		222CD6421EE6571A006E8DE7 /* PhotoViewController.swift in Sources */ = {isa = PBXBuildFile; fileRef = 222CD6411EE6571A006E8DE7 /* PhotoViewController.swift */; };
		222CD6441EE657B8006E8DE7 /* CustomAVViewController.swift in Sources */ = {isa = PBXBuildFile; fileRef = 222CD6431EE657B8006E8DE7 /* CustomAVViewController.swift */; };
/* End PBXBuildFile section */

/* Begin PBXFileReference section */
		222AD3D11EE52C5000ADE14E /* TakePictureFinal.app */ = {isa = PBXFileReference; explicitFileType = wrapper.application; includeInIndex = 0; path = TakePictureFinal.app; sourceTree = BUILT_PRODUCTS_DIR; };
		222AD3D41EE52C5000ADE14E /* AppDelegate.swift */ = {isa = PBXFileReference; lastKnownFileType = sourcecode.swift; path = AppDelegate.swift; sourceTree = "<group>"; };
		222AD3D61EE52C5000ADE14E /* ViewController.swift */ = {isa = PBXFileReference; lastKnownFileType = sourcecode.swift; path = ViewController.swift; sourceTree = "<group>"; };
		222AD3D91EE52C5000ADE14E /* Base */ = {isa = PBXFileReference; lastKnownFileType = file.storyboard; name = Base; path = Base.lproj/Main.storyboard; sourceTree = "<group>"; };
		222AD3DB1EE52C5000ADE14E /* Assets.xcassets */ = {isa = PBXFileReference; lastKnownFileType = folder.assetcatalog; path = Assets.xcassets; sourceTree = "<group>"; };
		222AD3DE1EE52C5000ADE14E /* Base */ = {isa = PBXFileReference; lastKnownFileType = file.storyboard; name = Base; path = Base.lproj/LaunchScreen.storyboard; sourceTree = "<group>"; };
		222AD3E01EE52C5000ADE14E /* Info.plist */ = {isa = PBXFileReference; lastKnownFileType = text.plist.xml; path = Info.plist; sourceTree = "<group>"; };
		222CD63B1EE64916006E8DE7 /* BallonVC.swift */ = {isa = PBXFileReference; fileEncoding = 4; lastKnownFileType = sourcecode.swift; path = BallonVC.swift; sourceTree = "<group>"; };
		222CD63F1EE64EC3006E8DE7 /* BallonVCwithAV.swift */ = {isa = PBXFileReference; fileEncoding = 4; lastKnownFileType = sourcecode.swift; path = BallonVCwithAV.swift; sourceTree = "<group>"; };
		222CD6411EE6571A006E8DE7 /* PhotoViewController.swift */ = {isa = PBXFileReference; fileEncoding = 4; lastKnownFileType = sourcecode.swift; path = PhotoViewController.swift; sourceTree = "<group>"; };
		222CD6431EE657B8006E8DE7 /* CustomAVViewController.swift */ = {isa = PBXFileReference; fileEncoding = 4; lastKnownFileType = sourcecode.swift; path = CustomAVViewController.swift; sourceTree = "<group>"; };
/* End PBXFileReference section */

/* Begin PBXFrameworksBuildPhase section */
		222AD3CE1EE52C5000ADE14E /* Frameworks */ = {
			isa = PBXFrameworksBuildPhase;
			buildActionMask = 2147483647;
			files = (
			);
			runOnlyForDeploymentPostprocessing = 0;
		};
/* End PBXFrameworksBuildPhase section */

/* Begin PBXGroup section */
		222AD3C81EE52C5000ADE14E = {
			isa = PBXGroup;
			children = (
				222AD3D31EE52C5000ADE14E /* TakePictureFinal */,
				222AD3D21EE52C5000ADE14E /* Products */,
			);
			sourceTree = "<group>";
		};
		222AD3D21EE52C5000ADE14E /* Products */ = {
			isa = PBXGroup;
			children = (
				222AD3D11EE52C5000ADE14E /* TakePictureFinal.app */,
			);
			name = Products;
			sourceTree = "<group>";
		};
		222AD3D31EE52C5000ADE14E /* TakePictureFinal */ = {
			isa = PBXGroup;
			children = (
				222AD3D41EE52C5000ADE14E /* AppDelegate.swift */,
				222AD3D61EE52C5000ADE14E /* ViewController.swift */,
				222CD63B1EE64916006E8DE7 /* BallonVC.swift */,
				222CD63F1EE64EC3006E8DE7 /* BallonVCwithAV.swift */,
				222AD3D81EE52C5000ADE14E /* Main.storyboard */,
				222CD6431EE657B8006E8DE7 /* CustomAVViewController.swift */,
				222CD6411EE6571A006E8DE7 /* PhotoViewController.swift */,
				222AD3DB1EE52C5000ADE14E /* Assets.xcassets */,
				222AD3DD1EE52C5000ADE14E /* LaunchScreen.storyboard */,
				222AD3E01EE52C5000ADE14E /* Info.plist */,
			);
			path = TakePictureFinal;
			sourceTree = "<group>";
		};
/* End PBXGroup section */

/* Begin PBXNativeTarget section */
		222AD3D01EE52C5000ADE14E /* TakePictureFinal */ = {
			isa = PBXNativeTarget;
			buildConfigurationList = 222AD3E31EE52C5000ADE14E /* Build configuration list for PBXNativeTarget "TakePictureFinal" */;
			buildPhases = (
				222AD3CD1EE52C5000ADE14E /* Sources */,
				222AD3CE1EE52C5000ADE14E /* Frameworks */,
				222AD3CF1EE52C5000ADE14E /* Resources */,
			);
			buildRules = (
			);
			dependencies = (
			);
			name = TakePictureFinal;
			productName = TakePictureFinal;
			productReference = 222AD3D11EE52C5000ADE14E /* TakePictureFinal.app */;
			productType = "com.apple.product-type.application";
		};
/* End PBXNativeTarget section */

/* Begin PBXProject section */
		222AD3C91EE52C5000ADE14E /* Project object */ = {
			isa = PBXProject;
			attributes = {
				LastSwiftUpdateCheck = 0830;
				LastUpgradeCheck = 0830;
				ORGANIZATIONNAME = Tim;
				TargetAttributes = {
					222AD3D01EE52C5000ADE14E = {
						CreatedOnToolsVersion = 8.3.1;
						DevelopmentTeam = DTR5DTQ2DE;
						ProvisioningStyle = Automatic;
					};
				};
			};
			buildConfigurationList = 222AD3CC1EE52C5000ADE14E /* Build configuration list for PBXProject "TakePictureFinal" */;
			compatibilityVersion = "Xcode 3.2";
			developmentRegion = English;
			hasScannedForEncodings = 0;
			knownRegions = (
				en,
				Base,
			);
			mainGroup = 222AD3C81EE52C5000ADE14E;
			productRefGroup = 222AD3D21EE52C5000ADE14E /* Products */;
			projectDirPath = "";
			projectRoot = "";
			targets = (
				222AD3D01EE52C5000ADE14E /* TakePictureFinal */,
			);
		};
/* End PBXProject section */

/* Begin PBXResourcesBuildPhase section */
		222AD3CF1EE52C5000ADE14E /* Resources */ = {
			isa = PBXResourcesBuildPhase;
			buildActionMask = 2147483647;
			files = (
				222AD3DF1EE52C5000ADE14E /* LaunchScreen.storyboard in Resources */,
				222AD3DC1EE52C5000ADE14E /* Assets.xcassets in Resources */,
				222AD3DA1EE52C5000ADE14E /* Main.storyboard in Resources */,
			);
			runOnlyForDeploymentPostprocessing = 0;
		};
/* End PBXResourcesBuildPhase section */

/* Begin PBXSourcesBuildPhase section */
		222AD3CD1EE52C5000ADE14E /* Sources */ = {
			isa = PBXSourcesBuildPhase;
			buildActionMask = 2147483647;
			files = (
				222CD6441EE657B8006E8DE7 /* CustomAVViewController.swift in Sources */,
				222CD63C1EE64916006E8DE7 /* BallonVC.swift in Sources */,
				222AD3D71EE52C5000ADE14E /* ViewController.swift in Sources */,
				222AD3D51EE52C5000ADE14E /* AppDelegate.swift in Sources */,
				222CD6401EE64EC3006E8DE7 /* BallonVCwithAV.swift in Sources */,
				222CD6421EE6571A006E8DE7 /* PhotoViewController.swift in Sources */,
			);
			runOnlyForDeploymentPostprocessing = 0;
		};
/* End PBXSourcesBuildPhase section */

/* Begin PBXVariantGroup section */
		222AD3D81EE52C5000ADE14E /* Main.storyboard */ = {
			isa = PBXVariantGroup;
			children = (
				222AD3D91EE52C5000ADE14E /* Base */,
			);
			name = Main.storyboard;
			sourceTree = "<group>";
		};
		222AD3DD1EE52C5000ADE14E /* LaunchScreen.storyboard */ = {
			isa = PBXVariantGroup;
			children = (
				222AD3DE1EE52C5000ADE14E /* Base */,
			);
			name = LaunchScreen.storyboard;
			sourceTree = "<group>";
		};
/* End PBXVariantGroup section */

/* Begin XCBuildConfiguration section */
		222AD3E11EE52C5000ADE14E /* Debug */ = {
			isa = XCBuildConfiguration;
			buildSettings = {
				ALWAYS_SEARCH_USER_PATHS = NO;
				CLANG_ANALYZER_NONNULL = YES;
				CLANG_ANALYZER_NUMBER_OBJECT_CONVERSION = YES_AGGRESSIVE;
				CLANG_CXX_LANGUAGE_STANDARD = "gnu++0x";
				CLANG_CXX_LIBRARY = "libc++";
				CLANG_ENABLE_MODULES = YES;
				CLANG_ENABLE_OBJC_ARC = YES;
				CLANG_WARN_BOOL_CONVERSION = YES;
				CLANG_WARN_CONSTANT_CONVERSION = YES;
				CLANG_WARN_DIRECT_OBJC_ISA_USAGE = YES_ERROR;
				CLANG_WARN_DOCUMENTATION_COMMENTS = YES;
				CLANG_WARN_EMPTY_BODY = YES;
				CLANG_WARN_ENUM_CONVERSION = YES;
				CLANG_WARN_INFINITE_RECURSION = YES;
				CLANG_WARN_INT_CONVERSION = YES;
				CLANG_WARN_OBJC_ROOT_CLASS = YES_ERROR;
				CLANG_WARN_SUSPICIOUS_MOVE = YES;
				CLANG_WARN_UNREACHABLE_CODE = YES;
				CLANG_WARN__DUPLICATE_METHOD_MATCH = YES;
				"CODE_SIGN_IDENTITY[sdk=iphoneos*]" = "iPhone Developer";
				COPY_PHASE_STRIP = NO;
				DEBUG_INFORMATION_FORMAT = dwarf;
				ENABLE_STRICT_OBJC_MSGSEND = YES;
				ENABLE_TESTABILITY = YES;
				GCC_C_LANGUAGE_STANDARD = gnu99;
				GCC_DYNAMIC_NO_PIC = NO;
				GCC_NO_COMMON_BLOCKS = YES;
				GCC_OPTIMIZATION_LEVEL = 0;
				GCC_PREPROCESSOR_DEFINITIONS = (
					"DEBUG=1",
					"$(inherited)",
				);
				GCC_WARN_64_TO_32_BIT_CONVERSION = YES;
				GCC_WARN_ABOUT_RETURN_TYPE = YES_ERROR;
				GCC_WARN_UNDECLARED_SELECTOR = YES;
				GCC_WARN_UNINITIALIZED_AUTOS = YES_AGGRESSIVE;
				GCC_WARN_UNUSED_FUNCTION = YES;
				GCC_WARN_UNUSED_VARIABLE = YES;
				IPHONEOS_DEPLOYMENT_TARGET = 10.3;
				MTL_ENABLE_DEBUG_INFO = YES;
				ONLY_ACTIVE_ARCH = YES;
				SDKROOT = iphoneos;
				SWIFT_ACTIVE_COMPILATION_CONDITIONS = DEBUG;
				SWIFT_OPTIMIZATION_LEVEL = "-Onone";
			};
			name = Debug;
		};
		222AD3E21EE52C5000ADE14E /* Release */ = {
			isa = XCBuildConfiguration;
			buildSettings = {
				ALWAYS_SEARCH_USER_PATHS = NO;
				CLANG_ANALYZER_NONNULL = YES;
				CLANG_ANALYZER_NUMBER_OBJECT_CONVERSION = YES_AGGRESSIVE;
				CLANG_CXX_LANGUAGE_STANDARD = "gnu++0x";
				CLANG_CXX_LIBRARY = "libc++";
				CLANG_ENABLE_MODULES = YES;
				CLANG_ENABLE_OBJC_ARC = YES;
				CLANG_WARN_BOOL_CONVERSION = YES;
				CLANG_WARN_CONSTANT_CONVERSION = YES;
				CLANG_WARN_DIRECT_OBJC_ISA_USAGE = YES_ERROR;
				CLANG_WARN_DOCUMENTATION_COMMENTS = YES;
				CLANG_WARN_EMPTY_BODY = YES;
				CLANG_WARN_ENUM_CONVERSION = YES;
				CLANG_WARN_INFINITE_RECURSION = YES;
				CLANG_WARN_INT_CONVERSION = YES;
				CLANG_WARN_OBJC_ROOT_CLASS = YES_ERROR;
				CLANG_WARN_SUSPICIOUS_MOVE = YES;
				CLANG_WARN_UNREACHABLE_CODE = YES;
				CLANG_WARN__DUPLICATE_METHOD_MATCH = YES;
				"CODE_SIGN_IDENTITY[sdk=iphoneos*]" = "iPhone Developer";
				COPY_PHASE_STRIP = NO;
				DEBUG_INFORMATION_FORMAT = "dwarf-with-dsym";
				ENABLE_NS_ASSERTIONS = NO;
				ENABLE_STRICT_OBJC_MSGSEND = YES;
				GCC_C_LANGUAGE_STANDARD = gnu99;
				GCC_NO_COMMON_BLOCKS = YES;
				GCC_WARN_64_TO_32_BIT_CONVERSION = YES;
				GCC_WARN_ABOUT_RETURN_TYPE = YES_ERROR;
				GCC_WARN_UNDECLARED_SELECTOR = YES;
				GCC_WARN_UNINITIALIZED_AUTOS = YES_AGGRESSIVE;
				GCC_WARN_UNUSED_FUNCTION = YES;
				GCC_WARN_UNUSED_VARIABLE = YES;
				IPHONEOS_DEPLOYMENT_TARGET = 10.3;
				MTL_ENABLE_DEBUG_INFO = NO;
				SDKROOT = iphoneos;
				SWIFT_OPTIMIZATION_LEVEL = "-Owholemodule";
				VALIDATE_PRODUCT = YES;
			};
			name = Release;
		};
		222AD3E41EE52C5000ADE14E /* Debug */ = {
			isa = XCBuildConfiguration;
			buildSettings = {
				ASSETCATALOG_COMPILER_APPICON_NAME = AppIcon;
				DEVELOPMENT_TEAM = DTR5DTQ2DE;
				INFOPLIST_FILE = TakePictureFinal/Info.plist;
				LD_RUNPATH_SEARCH_PATHS = "$(inherited) @executable_path/Frameworks";
				PRODUCT_BUNDLE_IDENTIFIER = com.dcview.TakePictureFinal;
				PRODUCT_NAME = "$(TARGET_NAME)";
				SWIFT_VERSION = 3.0;
			};
			name = Debug;
		};
		222AD3E51EE52C5000ADE14E /* Release */ = {
			isa = XCBuildConfiguration;
			buildSettings = {
				ASSETCATALOG_COMPILER_APPICON_NAME = AppIcon;
				DEVELOPMENT_TEAM = DTR5DTQ2DE;
				INFOPLIST_FILE = TakePictureFinal/Info.plist;
				LD_RUNPATH_SEARCH_PATHS = "$(inherited) @executable_path/Frameworks";
				PRODUCT_BUNDLE_IDENTIFIER = com.dcview.TakePictureFinal;
				PRODUCT_NAME = "$(TARGET_NAME)";
				SWIFT_VERSION = 3.0;
			};
			name = Release;
		};
/* End XCBuildConfiguration section */

/* Begin XCConfigurationList section */
		222AD3CC1EE52C5000ADE14E /* Build configuration list for PBXProject "TakePictureFinal" */ = {
			isa = XCConfigurationList;
			buildConfigurations = (
				222AD3E11EE52C5000ADE14E /* Debug */,
				222AD3E21EE52C5000ADE14E /* Release */,
			);
			defaultConfigurationIsVisible = 0;
			defaultConfigurationName = Release;
		};
		222AD3E31EE52C5000ADE14E /* Build configuration list for PBXNativeTarget "TakePictureFinal" */ = {
			isa = XCConfigurationList;
			buildConfigurations = (
				222AD3E41EE52C5000ADE14E /* Debug */,
				222AD3E51EE52C5000ADE14E /* Release */,
			);
			defaultConfigurationIsVisible = 0;
			defaultConfigurationName = Release;
		};
/* End XCConfigurationList section */
	};
	rootObject = 222AD3C91EE52C5000ADE14E /* Project object */;
}
